github.com/branthony-92/amqp-client v1.0.0 h1:nMOVAJi4pidYjPAYiGMsIVB3795LUrCPUGKlWkIxp6Y=
github.com/branthony-92/amqp-client v1.0.0/go.mod h1:uwA1UVEYJcISsmt38CZ39g39MwhSb02ZqoQZyXV8suM=
github.com/streadway/amqp v1.0.0 h1:kuuDrUJFZL1QYL9hUNuCxNObNzB0bV/ZG5jV3RWAQgo=
github.com/streadway/amqp v1.0.0/go.mod h1:AZpEONHx3DKn8O/DFsRAY58/XVQiIPMTMB1SddzLXVw=
